
Microsoft Visual Studio Solution File, Format Version 12.00
# Visual Studio Version 16
VisualStudioVersion = 16.0.29519.181
MinimumVisualStudioVersion = 10.0.40219.1
Project("{8BC9CEB8-8B4A-11D0-8D11-00A0C91BC942}") = "AnimatedDrawing", "AnimatedDrawing.vcxproj", "{32AED5C3-7166-446C-A640-B3911464A48D}"
EndProject
Global
	GlobalSection(SolutionConfigurationPlatforms) = preSolution
		Debug|x64 = Debug|x64
		Debug|x86 = Debug|x86
		Release|x64 = Release|x64
		Release|x86 = Release|x86
	EndGlobalSection
	GlobalSection(ProjectConfigurationPlatforms) = postSolution
		{32AED5C3-7166-446C-A640-B3911464A48D}.Debug|x64.ActiveCfg = Debug|x64
		{32AED5C3-7166-446C-A640-B3911464A48D}.Debug|x64.Build.0 = Debug|x64
		{32AED5C3-7166-446C-A640-B3911464A48D}.Debug|x86.ActiveCfg = Debug|Win32
		{32AED5C3-7166-446C-A640-B3911464A48D}.Debug|x86.Build.0 = Debug|Win32
		{32AED5C3-7166-446C-A640-B3911464A48D}.Release|x64.ActiveCfg = Release|x64
		{32AED5C3-7166-446C-A640-B3911464A48D}.Release|x64.Build.0 = Release|x64
		{32AED5C3-7166-446C-A640-B3911464A48D}.Release|x86.ActiveCfg = Release|Win32
		{32AED5C3-7166-446C-A640-B3911464A48D}.Release|x86.Build.0 = Release|Win32
	EndGlobalSection
	GlobalSection(SolutionProperties) = preSolution
		HideSolutionNode = FALSE
	EndGlobalSection
	GlobalSection(ExtensibilityGlobals) = postSolution
		SolutionGuid = {4D3FF38E-FE3A-41DE-B48D-34BA698FF15B}
	EndGlobalSection
EndGlobal
